
Microsoft Visual Studio Solution File, Format Version 12.00
# Visual Studio Version 16
VisualStudioVersion = 16.0.29324.140
MinimumVisualStudioVersion = 10.0.40219.1
Project("{9A19103F-16F7-4668-BE54-9A1E7A4F7556}") = "Lab1_SunnyTravel.ConsoleProject", "Lab1_SunnyTravel.Console\Lab1_SunnyTravel.ConsoleProject.csproj", "{C89B2E2E-834E-4E94-AB45-52CFABEC0A19}"
EndProject
Project("{9A19103F-16F7-4668-BE54-9A1E7A4F7556}") = "Lab1_SunnyTravel.Core", "Lab1_SunnyTravel.Core\Lab1_SunnyTravel.Core.csproj", "{724ACF5F-E45E-4DC8-B22C-D2DEB3ACFD51}"
EndProject
Project("{FAE04EC0-301F-11D3-BF4B-00C04F79EFBC}") = "Lab1_SunnyTravel.WFProject", "Lab1_SunnyTravel.WFProject\Lab1_SunnyTravel.WFProject.csproj", "{F6804229-C903-4683-82A4-8836436DE114}"
EndProject
Global
	GlobalSection(SolutionConfigurationPlatforms) = preSolution
		Debug|Any CPU = Debug|Any CPU
		Release|Any CPU = Release|Any CPU
	EndGlobalSection
	GlobalSection(ProjectConfigurationPlatforms) = postSolution
		{C89B2E2E-834E-4E94-AB45-52CFABEC0A19}.Debug|Any CPU.ActiveCfg = Debug|Any CPU
		{C89B2E2E-834E-4E94-AB45-52CFABEC0A19}.Debug|Any CPU.Build.0 = Debug|Any CPU
		{C89B2E2E-834E-4E94-AB45-52CFABEC0A19}.Release|Any CPU.ActiveCfg = Release|Any CPU
		{C89B2E2E-834E-4E94-AB45-52CFABEC0A19}.Release|Any CPU.Build.0 = Release|Any CPU
		{724ACF5F-E45E-4DC8-B22C-D2DEB3ACFD51}.Debug|Any CPU.ActiveCfg = Debug|Any CPU
		{724ACF5F-E45E-4DC8-B22C-D2DEB3ACFD51}.Debug|Any CPU.Build.0 = Debug|Any CPU
		{724ACF5F-E45E-4DC8-B22C-D2DEB3ACFD51}.Release|Any CPU.ActiveCfg = Release|Any CPU
		{724ACF5F-E45E-4DC8-B22C-D2DEB3ACFD51}.Release|Any CPU.Build.0 = Release|Any CPU
		{F6804229-C903-4683-82A4-8836436DE114}.Debug|Any CPU.ActiveCfg = Debug|Any CPU
		{F6804229-C903-4683-82A4-8836436DE114}.Debug|Any CPU.Build.0 = Debug|Any CPU
		{F6804229-C903-4683-82A4-8836436DE114}.Release|Any CPU.ActiveCfg = Release|Any CPU
		{F6804229-C903-4683-82A4-8836436DE114}.Release|Any CPU.Build.0 = Release|Any CPU
	EndGlobalSection
	GlobalSection(SolutionProperties) = preSolution
		HideSolutionNode = FALSE
	EndGlobalSection
	GlobalSection(ExtensibilityGlobals) = postSolution
		SolutionGuid = {2DC63549-EBB3-44C0-8641-F09631BF2685}
	EndGlobalSection
EndGlobal
